
Microsoft Visual Studio Solution File, Format Version 12.00
# Visual Studio Version 16
VisualStudioVersion = 16.0.30523.141
MinimumVisualStudioVersion = 10.0.40219.1
Project("{9A19103F-16F7-4668-BE54-9A1E7A4F7556}") = "AsyncLocalTest", "AsyncLocalTest\AsyncLocalTest.csproj", "{14C3CB7D-9E20-4A97-A7EA-D29F814355B1}"
EndProject
Global
	GlobalSection(SolutionConfigurationPlatforms) = preSolution
		Debug|Any CPU = Debug|Any CPU
		Release|Any CPU = Release|Any CPU
	EndGlobalSection
	GlobalSection(ProjectConfigurationPlatforms) = postSolution
		{14C3CB7D-9E20-4A97-A7EA-D29F814355B1}.Debug|Any CPU.ActiveCfg = Debug|Any CPU
		{14C3CB7D-9E20-4A97-A7EA-D29F814355B1}.Debug|Any CPU.Build.0 = Debug|Any CPU
		{14C3CB7D-9E20-4A97-A7EA-D29F814355B1}.Release|Any CPU.ActiveCfg = Release|Any CPU
		{14C3CB7D-9E20-4A97-A7EA-D29F814355B1}.Release|Any CPU.Build.0 = Release|Any CPU
	EndGlobalSection
	GlobalSection(SolutionProperties) = preSolution
		HideSolutionNode = FALSE
	EndGlobalSection
	GlobalSection(ExtensibilityGlobals) = postSolution
		SolutionGuid = {84CF57E1-15BF-4349-AF0B-D284D6749067}
	EndGlobalSection
EndGlobal
